
Microsoft Visual Studio Solution File, Format Version 12.00
# Visual Studio Version 16
VisualStudioVersion = 16.0.32106.194
MinimumVisualStudioVersion = 10.0.40219.1
Project("{FAE04EC0-301F-11D3-BF4B-00C04F79EFBC}") = "TestProject", "TestProject.csproj", "{217A6F89-8FBA-4062-8D94-7796E20D434D}"
EndProject
Global
	GlobalSection(SolutionConfigurationPlatforms) = preSolution
		Debug|Any CPU = Debug|Any CPU
		Release|Any CPU = Release|Any CPU
	EndGlobalSection
	GlobalSection(ProjectConfigurationPlatforms) = postSolution
		{217A6F89-8FBA-4062-8D94-7796E20D434D}.Debug|Any CPU.ActiveCfg = Debug|Any CPU
		{217A6F89-8FBA-4062-8D94-7796E20D434D}.Debug|Any CPU.Build.0 = Debug|Any CPU
		{217A6F89-8FBA-4062-8D94-7796E20D434D}.Release|Any CPU.ActiveCfg = Release|Any CPU
		{217A6F89-8FBA-4062-8D94-7796E20D434D}.Release|Any CPU.Build.0 = Release|Any CPU
	EndGlobalSection
	GlobalSection(SolutionProperties) = preSolution
		HideSolutionNode = FALSE
	EndGlobalSection
	GlobalSection(ExtensibilityGlobals) = postSolution
		SolutionGuid = {4A60977C-8E91-4B56-9C06-C116943836DB}
	EndGlobalSection
EndGlobal
